PODS:
  - AFNetworking (4.0.1):
    - AFNetworking/NSURLSession (= 4.0.1)
    - AFNetworking/Reachability (= 4.0.1)
    - AFNetworking/Security (= 4.0.1)
    - AFNetworking/Serialization (= 4.0.1)
    - AFNetworking/UIKit (= 4.0.1)
  - AFNetworking/NSURLSession (4.0.1):
    - AFNetworking/Reachability
    - AFNetworking/Security
    - AFNetworking/Serialization
  - AFNetworking/Reachability (4.0.1)
  - AFNetworking/Security (4.0.1)
  - AFNetworking/Serialization (4.0.1)
  - AFNetworking/UIKit (4.0.1):
    - AFNetworking/NSURLSession
  - FMDB (2.6.2):
    - FMDB/standard (= 2.6.2)
  - FMDB/standard (2.6.2)
  - iOSDFULibrary (4.11.1):
    - ZIPFoundation (= 0.9.11)
  - MJExtension (3.0.15.1)
  - ZIPFoundation (0.9.11)

DEPENDENCIES:
  - AFNetworking (~> 4.0)
  - FMDB
  - iOSDFULibrary (~> 4.11.1)
  - MJExtension

SPEC REPOS:
  trunk:
    - AFNetworking
    - FMDB
    - iOSDFULibrary
    - MJExtension
    - ZIPFoundation

SPEC CHECKSUMS:
  AFNetworking: 7864c38297c79aaca1500c33288e429c3451fdce
  FMDB: 854a0341b4726e53276f2a8996f06f1b80f9259a
  iOSDFULibrary: 3500ac00451aa7d8ec48a752e91099669a2c1d27
  MJExtension: 19bc33ce2eee2d319760f5622562cf581a6ff756
  ZIPFoundation: b1f0de4eed33e74a676f76e12559ab6b75990197

PODFILE CHECKSUM: 7fe10e504ece357a8974f013a56ea2be2c3f6cbe

COCOAPODS: 1.11.3
